// !$*UTF8*$!
{
	archiveVersion = 1;
	classes = {
	};
	objectVersion = 56;
	objects = {

/* Begin PBXBuildFile section */
		AD3F909E296485FA0029E7FF /* HourCollectionViewCell.swift in Sources */ = {isa = PBXBuildFile; fileRef = AD3F909C296485FA0029E7FF /* HourCollectionViewCell.swift */; };
		AD3F909F296485FA0029E7FF /* HourCollectionViewCell.xib in Resources */ = {isa = PBXBuildFile; fileRef = AD3F909D296485FA0029E7FF /* HourCollectionViewCell.xib */; };
		AD3F90A42964862A0029E7FF /* DayCollectionViewCell.swift in Sources */ = {isa = PBXBuildFile; fileRef = AD3F90A22964862A0029E7FF /* DayCollectionViewCell.swift */; };
		AD3F90A8296486500029E7FF /* AboutWeatherCollectionViewCell.swift in Sources */ = {isa = PBXBuildFile; fileRef = AD3F90A6296486500029E7FF /* AboutWeatherCollectionViewCell.swift */; };
		AD3F90A9296486500029E7FF /* AboutWeatherCollectionViewCell.xib in Resources */ = {isa = PBXBuildFile; fileRef = AD3F90A7296486500029E7FF /* AboutWeatherCollectionViewCell.xib */; };
		AD584C85296F1FF600935095 /* SearchTableViewCell.swift in Sources */ = {isa = PBXBuildFile; fileRef = AD584C83296F1FF600935095 /* SearchTableViewCell.swift */; };
		AD584C86296F1FF600935095 /* SearchTableViewCell.xib in Resources */ = {isa = PBXBuildFile; fileRef = AD584C84296F1FF600935095 /* SearchTableViewCell.xib */; };
		AD584C8A296FEA2500935095 /* Search.swift in Sources */ = {isa = PBXBuildFile; fileRef = AD584C89296FEA2500935095 /* Search.swift */; };
		AD584C8E297026CC00935095 /* PreviewViewController.swift in Sources */ = {isa = PBXBuildFile; fileRef = AD584C8D297026CC00935095 /* PreviewViewController.swift */; };
		AD584C902970293600935095 /* Preview.storyboard in Resources */ = {isa = PBXBuildFile; fileRef = AD584C8F2970293600935095 /* Preview.storyboard */; };
		AD97FE80296881BB004C22E6 /* Enums.swift in Sources */ = {isa = PBXBuildFile; fileRef = AD97FE7F296881BB004C22E6 /* Enums.swift */; };
		AD97FE85296C4E3D004C22E6 /* Menu.storyboard in Resources */ = {isa = PBXBuildFile; fileRef = AD97FE84296C4E3D004C22E6 /* Menu.storyboard */; };
		AD97FE87296C4E48004C22E6 /* Search.storyboard in Resources */ = {isa = PBXBuildFile; fileRef = AD97FE86296C4E48004C22E6 /* Search.storyboard */; };
		AD97FE8B296C5044004C22E6 /* MenuViewController.swift in Sources */ = {isa = PBXBuildFile; fileRef = AD97FE8A296C5044004C22E6 /* MenuViewController.swift */; };
		AD97FE8E296C5238004C22E6 /* MainNavigationController.swift in Sources */ = {isa = PBXBuildFile; fileRef = AD97FE8D296C5238004C22E6 /* MainNavigationController.swift */; };
		AD97FEBD296C8DBA004C22E6 /* CellBackgroundViews.swift in Sources */ = {isa = PBXBuildFile; fileRef = AD97FEB2296C8DB9004C22E6 /* CellBackgroundViews.swift */; };
		AD97FEBE296C8DBA004C22E6 /* HourForecast.swift in Sources */ = {isa = PBXBuildFile; fileRef = AD97FEB3296C8DB9004C22E6 /* HourForecast.swift */; };
		AD97FEBF296C8DBA004C22E6 /* Condition.swift in Sources */ = {isa = PBXBuildFile; fileRef = AD97FEB4296C8DB9004C22E6 /* Condition.swift */; };
		AD97FEC0296C8DBA004C22E6 /* DayForecast.swift in Sources */ = {isa = PBXBuildFile; fileRef = AD97FEB5296C8DB9004C22E6 /* DayForecast.swift */; };
		AD97FEC1296C8DBA004C22E6 /* DayForecastGroup.swift in Sources */ = {isa = PBXBuildFile; fileRef = AD97FEB6296C8DBA004C22E6 /* DayForecastGroup.swift */; };
		AD97FEC2296C8DBA004C22E6 /* CurrentWeather.swift in Sources */ = {isa = PBXBuildFile; fileRef = AD97FEB7296C8DBA004C22E6 /* CurrentWeather.swift */; };
		AD97FEC3296C8DBA004C22E6 /* Forecast.swift in Sources */ = {isa = PBXBuildFile; fileRef = AD97FEB8296C8DBA004C22E6 /* Forecast.swift */; };
		AD97FEC4296C8DBA004C22E6 /* Time.swift in Sources */ = {isa = PBXBuildFile; fileRef = AD97FEB9296C8DBA004C22E6 /* Time.swift */; };
		AD97FEC5296C8DBA004C22E6 /* Weather.swift in Sources */ = {isa = PBXBuildFile; fileRef = AD97FEBA296C8DBA004C22E6 /* Weather.swift */; };
		AD97FEC6296C8DBA004C22E6 /* Location.swift in Sources */ = {isa = PBXBuildFile; fileRef = AD97FEBB296C8DBA004C22E6 /* Location.swift */; };
		AD97FEC7296C8DBA004C22E6 /* AstroForecast.swift in Sources */ = {isa = PBXBuildFile; fileRef = AD97FEBC296C8DBA004C22E6 /* AstroForecast.swift */; };
		AD97FECB296C8E9A004C22E6 /* LocationCoreData+CoreDataClass.swift in Sources */ = {isa = PBXBuildFile; fileRef = AD97FEC9296C8E9A004C22E6 /* LocationCoreData+CoreDataClass.swift */; };
		AD97FECC296C8E9A004C22E6 /* LocationCoreData+CoreDataProperties.swift in Sources */ = {isa = PBXBuildFile; fileRef = AD97FECA296C8E9A004C22E6 /* LocationCoreData+CoreDataProperties.swift */; };
		AD97FED0296D855B004C22E6 /* TableViewCell.swift in Sources */ = {isa = PBXBuildFile; fileRef = AD97FECE296D855B004C22E6 /* TableViewCell.swift */; };
		AD97FED1296D855B004C22E6 /* TableViewCell.xib in Resources */ = {isa = PBXBuildFile; fileRef = AD97FECF296D855B004C22E6 /* TableViewCell.xib */; };
		ADAB047B294128D700226159 /* AppDelegate.swift in Sources */ = {isa = PBXBuildFile; fileRef = ADAB047A294128D700226159 /* AppDelegate.swift */; };
		ADAB047D294128D800226159 /* SceneDelegate.swift in Sources */ = {isa = PBXBuildFile; fileRef = ADAB047C294128D800226159 /* SceneDelegate.swift */; };
		ADAB0485294128D800226159 /* Weather.xcdatamodeld in Sources */ = {isa = PBXBuildFile; fileRef = ADAB0483294128D800226159 /* Weather.xcdatamodeld */; };
		ADAB0487294128D900226159 /* Assets.xcassets in Resources */ = {isa = PBXBuildFile; fileRef = ADAB0486294128D900226159 /* Assets.xcassets */; };
		ADAB048A294128D900226159 /* LaunchScreen.storyboard in Resources */ = {isa = PBXBuildFile; fileRef = ADAB0488294128D900226159 /* LaunchScreen.storyboard */; };
		ADAB049429413D0B00226159 /* Main.storyboard in Resources */ = {isa = PBXBuildFile; fileRef = ADAB049329413D0B00226159 /* Main.storyboard */; };
		ADAB049629413D2000226159 /* MainViewController.swift in Sources */ = {isa = PBXBuildFile; fileRef = ADAB049529413D2000226159 /* MainViewController.swift */; };
		ADAB049C294140B700226159 /* WeatherTableViewCell.swift in Sources */ = {isa = PBXBuildFile; fileRef = ADAB049A294140B700226159 /* WeatherTableViewCell.swift */; };
		ADAB049D294140B700226159 /* WeatherTableViewCell.xib in Resources */ = {isa = PBXBuildFile; fileRef = ADAB049B294140B700226159 /* WeatherTableViewCell.xib */; };
		ADAB04A32941546B00226159 /* AccessKey.swift in Sources */ = {isa = PBXBuildFile; fileRef = ADAB04A22941546B00226159 /* AccessKey.swift */; };
		ADAB04A7294155F500226159 /* NetworkManager.swift in Sources */ = {isa = PBXBuildFile; fileRef = ADAB04A6294155F500226159 /* NetworkManager.swift */; };
		ADCA75CE295B7E3D002CF5AC /* CollectionViewCell.swift in Sources */ = {isa = PBXBuildFile; fileRef = ADCA75CC295B7E3D002CF5AC /* CollectionViewCell.swift */; };
		ADCA75CF295B7E3D002CF5AC /* CollectionViewCell.xib in Resources */ = {isa = PBXBuildFile; fileRef = ADCA75CD295B7E3D002CF5AC /* CollectionViewCell.xib */; };
		ADCCDB3E296486CF00C3132A /* DayCollectionViewCell.xib in Resources */ = {isa = PBXBuildFile; fileRef = ADCCDB3D296486CF00C3132A /* DayCollectionViewCell.xib */; };
		ADF81228294C9971005A7C57 /* CoreDataManager.swift in Sources */ = {isa = PBXBuildFile; fileRef = ADF81227294C9971005A7C57 /* CoreDataManager.swift */; };
		C8B728E458F11E818E272309 /* Pods_Weather.framework in Frameworks */ = {isa = PBXBuildFile; fileRef = 8A783A6E1179A3A1598142E3 /* Pods_Weather.framework */; };
/* End PBXBuildFile section */

/* Begin PBXFileReference section */
		40E3DD5EBE5BC449F17ECDCF /* Pods-Weather.debug.xcconfig */ = {isa = PBXFileReference; includeInIndex = 1; lastKnownFileType = text.xcconfig; name = "Pods-Weather.debug.xcconfig"; path = "Target Support Files/Pods-Weather/Pods-Weather.debug.xcconfig"; sourceTree = "<group>"; };
		4E610CD9666852DACDAAC9E2 /* Pods-Weather.release.xcconfig */ = {isa = PBXFileReference; includeInIndex = 1; lastKnownFileType = text.xcconfig; name = "Pods-Weather.release.xcconfig"; path = "Target Support Files/Pods-Weather/Pods-Weather.release.xcconfig"; sourceTree = "<group>"; };
		8A783A6E1179A3A1598142E3 /* Pods_Weather.framework */ = {isa = PBXFileReference; explicitFileType = wrapper.framework; includeInIndex = 0; path = Pods_Weather.framework; sourceTree = BUILT_PRODUCTS_DIR; };
		AD3F909C296485FA0029E7FF /* HourCollectionViewCell.swift */ = {isa = PBXFileReference; lastKnownFileType = sourcecode.swift; path = HourCollectionViewCell.swift; sourceTree = "<group>"; };
		AD3F909D296485FA0029E7FF /* HourCollectionViewCell.xib */ = {isa = PBXFileReference; lastKnownFileType = file.xib; path = HourCollectionViewCell.xib; sourceTree = "<group>"; };
		AD3F90A22964862A0029E7FF /* DayCollectionViewCell.swift */ = {isa = PBXFileReference; lastKnownFileType = sourcecode.swift; path = DayCollectionViewCell.swift; sourceTree = "<group>"; };
		AD3F90A6296486500029E7FF /* AboutWeatherCollectionViewCell.swift */ = {isa = PBXFileReference; lastKnownFileType = sourcecode.swift; path = AboutWeatherCollectionViewCell.swift; sourceTree = "<group>"; };
		AD3F90A7296486500029E7FF /* AboutWeatherCollectionViewCell.xib */ = {isa = PBXFileReference; lastKnownFileType = file.xib; path = AboutWeatherCollectionViewCell.xib; sourceTree = "<group>"; };
		AD584C83296F1FF600935095 /* SearchTableViewCell.swift */ = {isa = PBXFileReference; lastKnownFileType = sourcecode.swift; path = SearchTableViewCell.swift; sourceTree = "<group>"; };
		AD584C84296F1FF600935095 /* SearchTableViewCell.xib */ = {isa = PBXFileReference; lastKnownFileType = file.xib; path = SearchTableViewCell.xib; sourceTree = "<group>"; };
		AD584C89296FEA2500935095 /* Search.swift */ = {isa = PBXFileReference; lastKnownFileType = sourcecode.swift; path = Search.swift; sourceTree = "<group>"; };
		AD584C8D297026CC00935095 /* PreviewViewController.swift */ = {isa = PBXFileReference; lastKnownFileType = sourcecode.swift; path = PreviewViewController.swift; sourceTree = "<group>"; };
		AD584C8F2970293600935095 /* Preview.storyboard */ = {isa = PBXFileReference; lastKnownFileType = file.storyboard; path = Preview.storyboard; sourceTree = "<group>"; };
		AD97FE7F296881BB004C22E6 /* Enums.swift */ = {isa = PBXFileReference; lastKnownFileType = sourcecode.swift; path = Enums.swift; sourceTree = "<group>"; };
		AD97FE84296C4E3D004C22E6 /* Menu.storyboard */ = {isa = PBXFileReference; lastKnownFileType = file.storyboard; path = Menu.storyboard; sourceTree = "<group>"; };
		AD97FE86296C4E48004C22E6 /* Search.storyboard */ = {isa = PBXFileReference; lastKnownFileType = file.storyboard; path = Search.storyboard; sourceTree = "<group>"; };
		AD97FE8A296C5044004C22E6 /* MenuViewController.swift */ = {isa = PBXFileReference; lastKnownFileType = sourcecode.swift; path = MenuViewController.swift; sourceTree = "<group>"; };
		AD97FE8D296C5238004C22E6 /* MainNavigationController.swift */ = {isa = PBXFileReference; lastKnownFileType = sourcecode.swift; path = MainNavigationController.swift; sourceTree = "<group>"; };
		AD97FEB2296C8DB9004C22E6 /* CellBackgroundViews.swift */ = {isa = PBXFileReference; fileEncoding = 4; lastKnownFileType = sourcecode.swift; path = CellBackgroundViews.swift; sourceTree = "<group>"; };
		AD97FEB3296C8DB9004C22E6 /* HourForecast.swift */ = {isa = PBXFileReference; fileEncoding = 4; lastKnownFileType = sourcecode.swift; path = HourForecast.swift; sourceTree = "<group>"; };
		AD97FEB4296C8DB9004C22E6 /* Condition.swift */ = {isa = PBXFileReference; fileEncoding = 4; lastKnownFileType = sourcecode.swift; path = Condition.swift; sourceTree = "<group>"; };
		AD97FEB5296C8DB9004C22E6 /* DayForecast.swift */ = {isa = PBXFileReference; fileEncoding = 4; lastKnownFileType = sourcecode.swift; path = DayForecast.swift; sourceTree = "<group>"; };
		AD97FEB6296C8DBA004C22E6 /* DayForecastGroup.swift */ = {isa = PBXFileReference; fileEncoding = 4; lastKnownFileType = sourcecode.swift; path = DayForecastGroup.swift; sourceTree = "<group>"; };
		AD97FEB7296C8DBA004C22E6 /* CurrentWeather.swift */ = {isa = PBXFileReference; fileEncoding = 4; lastKnownFileType = sourcecode.swift; path = CurrentWeather.swift; sourceTree = "<group>"; };
		AD97FEB8296C8DBA004C22E6 /* Forecast.swift */ = {isa = PBXFileReference; fileEncoding = 4; lastKnownFileType = sourcecode.swift; path = Forecast.swift; sourceTree = "<group>"; };
		AD97FEB9296C8DBA004C22E6 /* Time.swift */ = {isa = PBXFileReference; fileEncoding = 4; lastKnownFileType = sourcecode.swift; path = Time.swift; sourceTree = "<group>"; };
		AD97FEBA296C8DBA004C22E6 /* Weather.swift */ = {isa = PBXFileReference; fileEncoding = 4; lastKnownFileType = sourcecode.swift; path = Weather.swift; sourceTree = "<group>"; };
		AD97FEBB296C8DBA004C22E6 /* Location.swift */ = {isa = PBXFileReference; fileEncoding = 4; lastKnownFileType = sourcecode.swift; path = Location.swift; sourceTree = "<group>"; };
		AD97FEBC296C8DBA004C22E6 /* AstroForecast.swift */ = {isa = PBXFileReference; fileEncoding = 4; lastKnownFileType = sourcecode.swift; path = AstroForecast.swift; sourceTree = "<group>"; };
		AD97FEC9296C8E9A004C22E6 /* LocationCoreData+CoreDataClass.swift */ = {isa = PBXFileReference; fileEncoding = 4; lastKnownFileType = sourcecode.swift; path = "LocationCoreData+CoreDataClass.swift"; sourceTree = "<group>"; };
		AD97FECA296C8E9A004C22E6 /* LocationCoreData+CoreDataProperties.swift */ = {isa = PBXFileReference; fileEncoding = 4; lastKnownFileType = sourcecode.swift; path = "LocationCoreData+CoreDataProperties.swift"; sourceTree = "<group>"; };
		AD97FECE296D855B004C22E6 /* TableViewCell.swift */ = {isa = PBXFileReference; lastKnownFileType = sourcecode.swift; path = TableViewCell.swift; sourceTree = "<group>"; };
		AD97FECF296D855B004C22E6 /* TableViewCell.xib */ = {isa = PBXFileReference; lastKnownFileType = file.xib; path = TableViewCell.xib; sourceTree = "<group>"; };
		ADAB0477294128D700226159 /* Weather.app */ = {isa = PBXFileReference; explicitFileType = wrapper.application; includeInIndex = 0; path = Weather.app; sourceTree = BUILT_PRODUCTS_DIR; };
		ADAB047A294128D700226159 /* AppDelegate.swift */ = {isa = PBXFileReference; lastKnownFileType = sourcecode.swift; path = AppDelegate.swift; sourceTree = "<group>"; };
		ADAB047C294128D800226159 /* SceneDelegate.swift */ = {isa = PBXFileReference; lastKnownFileType = sourcecode.swift; path = SceneDelegate.swift; sourceTree = "<group>"; };
		ADAB0484294128D800226159 /* Weather.xcdatamodel */ = {isa = PBXFileReference; lastKnownFileType = wrapper.xcdatamodel; path = Weather.xcdatamodel; sourceTree = "<group>"; };
		ADAB0486294128D900226159 /* Assets.xcassets */ = {isa = PBXFileReference; lastKnownFileType = folder.assetcatalog; path = Assets.xcassets; sourceTree = "<group>"; };
		ADAB0489294128D900226159 /* Base */ = {isa = PBXFileReference; lastKnownFileType = file.storyboard; name = Base; path = Base.lproj/LaunchScreen.storyboard; sourceTree = "<group>"; };
		ADAB048B294128D900226159 /* Info.plist */ = {isa = PBXFileReference; lastKnownFileType = text.plist.xml; path = Info.plist; sourceTree = "<group>"; };
		ADAB049329413D0B00226159 /* Main.storyboard */ = {isa = PBXFileReference; lastKnownFileType = file.storyboard; path = Main.storyboard; sourceTree = "<group>"; };
		ADAB049529413D2000226159 /* MainViewController.swift */ = {isa = PBXFileReference; lastKnownFileType = sourcecode.swift; path = MainViewController.swift; sourceTree = "<group>"; };
		ADAB049A294140B700226159 /* WeatherTableViewCell.swift */ = {isa = PBXFileReference; lastKnownFileType = sourcecode.swift; path = WeatherTableViewCell.swift; sourceTree = "<group>"; };
		ADAB049B294140B700226159 /* WeatherTableViewCell.xib */ = {isa = PBXFileReference; lastKnownFileType = file.xib; path = WeatherTableViewCell.xib; sourceTree = "<group>"; };
		ADAB04A22941546B00226159 /* AccessKey.swift */ = {isa = PBXFileReference; lastKnownFileType = sourcecode.swift; path = AccessKey.swift; sourceTree = "<group>"; };
		ADAB04A6294155F500226159 /* NetworkManager.swift */ = {isa = PBXFileReference; lastKnownFileType = sourcecode.swift; path = NetworkManager.swift; sourceTree = "<group>"; };
		ADCA75CC295B7E3D002CF5AC /* CollectionViewCell.swift */ = {isa = PBXFileReference; lastKnownFileType = sourcecode.swift; path = CollectionViewCell.swift; sourceTree = "<group>"; };
		ADCA75CD295B7E3D002CF5AC /* CollectionViewCell.xib */ = {isa = PBXFileReference; lastKnownFileType = file.xib; path = CollectionViewCell.xib; sourceTree = "<group>"; };
		ADCCDB3D296486CF00C3132A /* DayCollectionViewCell.xib */ = {isa = PBXFileReference; fileEncoding = 4; lastKnownFileType = file.xib; path = DayCollectionViewCell.xib; sourceTree = "<group>"; };
		ADF81227294C9971005A7C57 /* CoreDataManager.swift */ = {isa = PBXFileReference; lastKnownFileType = sourcecode.swift; path = CoreDataManager.swift; sourceTree = "<group>"; };
/* End PBXFileReference section */

/* Begin PBXFrameworksBuildPhase section */
		ADAB0474294128D700226159 /* Frameworks */ = {
			isa = PBXFrameworksBuildPhase;
			buildActionMask = 2147483647;
			files = (
				C8B728E458F11E818E272309 /* Pods_Weather.framework in Frameworks */,
			);
			runOnlyForDeploymentPostprocessing = 0;
		};
/* End PBXFrameworksBuildPhase section */

/* Begin PBXGroup section */
		A9342BC3042B373ED640F58B /* Pods */ = {
			isa = PBXGroup;
			children = (
				40E3DD5EBE5BC449F17ECDCF /* Pods-Weather.debug.xcconfig */,
				4E610CD9666852DACDAAC9E2 /* Pods-Weather.release.xcconfig */,
			);
			path = Pods;
			sourceTree = "<group>";
		};
		AD3F90A02964860A0029E7FF /* Main */ = {
			isa = PBXGroup;
			children = (
				ADCA75CC295B7E3D002CF5AC /* CollectionViewCell.swift */,
				ADCA75CD295B7E3D002CF5AC /* CollectionViewCell.xib */,
			);
			path = Main;
			sourceTree = "<group>";
		};
		AD3F90A1296486140029E7FF /* Hour */ = {
			isa = PBXGroup;
			children = (
				AD3F909C296485FA0029E7FF /* HourCollectionViewCell.swift */,
				AD3F909D296485FA0029E7FF /* HourCollectionViewCell.xib */,
			);
			path = Hour;
			sourceTree = "<group>";
		};
		AD3F90AA2964865C0029E7FF /* Day */ = {
			isa = PBXGroup;
			children = (
				AD3F90A22964862A0029E7FF /* DayCollectionViewCell.swift */,
				ADCCDB3D296486CF00C3132A /* DayCollectionViewCell.xib */,
			);
			path = Day;
			sourceTree = "<group>";
		};
		AD584C82296F1FD900935095 /* SearchCell */ = {
			isa = PBXGroup;
			children = (
				AD584C83296F1FF600935095 /* SearchTableViewCell.swift */,
				AD584C84296F1FF600935095 /* SearchTableViewCell.xib */,
			);
			path = SearchCell;
			sourceTree = "<group>";
		};
		AD584C87296FE98B00935095 /* SearchModel */ = {
			isa = PBXGroup;
			children = (
				AD584C89296FEA2500935095 /* Search.swift */,
			);
			path = SearchModel;
			sourceTree = "<group>";
		};
		AD584C88296FE9B000935095 /* WeatherModel */ = {
			isa = PBXGroup;
			children = (
				AD97FEBA296C8DBA004C22E6 /* Weather.swift */,
				AD97FEBB296C8DBA004C22E6 /* Location.swift */,
				AD97FEB7296C8DBA004C22E6 /* CurrentWeather.swift */,
				AD97FEB8296C8DBA004C22E6 /* Forecast.swift */,
				AD97FEB4296C8DB9004C22E6 /* Condition.swift */,
				AD97FEB6296C8DBA004C22E6 /* DayForecastGroup.swift */,
				AD97FEB5296C8DB9004C22E6 /* DayForecast.swift */,
				AD97FEBC296C8DBA004C22E6 /* AstroForecast.swift */,
				AD97FEB3296C8DB9004C22E6 /* HourForecast.swift */,
			);
			path = WeatherModel;
			sourceTree = "<group>";
		};
		AD97FE81296881C0004C22E6 /* Helpers */ = {
			isa = PBXGroup;
			children = (
				AD97FE7F296881BB004C22E6 /* Enums.swift */,
				AD97FEB9296C8DBA004C22E6 /* Time.swift */,
			);
			path = Helpers;
			sourceTree = "<group>";
		};
		AD97FE8C296C51E5004C22E6 /* NavigationControllers */ = {
			isa = PBXGroup;
			children = (
				AD97FE8D296C5238004C22E6 /* MainNavigationController.swift */,
			);
			path = NavigationControllers;
			sourceTree = "<group>";
		};
		AD97FE9B296C8D53004C22E6 /* Models */ = {
			isa = PBXGroup;
			children = (
				AD584C88296FE9B000935095 /* WeatherModel */,
				AD584C87296FE98B00935095 /* SearchModel */,
				AD97FEB2296C8DB9004C22E6 /* CellBackgroundViews.swift */,
				AD97FEC8296C8DCB004C22E6 /* CoreDataModels */,
			);
			path = Models;
			sourceTree = "<group>";
		};
		AD97FEC8296C8DCB004C22E6 /* CoreDataModels */ = {
			isa = PBXGroup;
			children = (
				AD97FEC9296C8E9A004C22E6 /* LocationCoreData+CoreDataClass.swift */,
				AD97FECA296C8E9A004C22E6 /* LocationCoreData+CoreDataProperties.swift */,
			);
			path = CoreDataModels;
			sourceTree = "<group>";
		};
		AD97FECD296D8539004C22E6 /* MenuCell */ = {
			isa = PBXGroup;
			children = (
				AD97FECE296D855B004C22E6 /* TableViewCell.swift */,
				AD97FECF296D855B004C22E6 /* TableViewCell.xib */,
			);
			path = MenuCell;
			sourceTree = "<group>";
		};
		ADAB046E294128D700226159 = {
			isa = PBXGroup;
			children = (
				ADAB0479294128D700226159 /* Weather */,
				ADAB0478294128D700226159 /* Products */,
				A9342BC3042B373ED640F58B /* Pods */,
				E624DF79BFB31B7E78BEA991 /* Frameworks */,
			);
			sourceTree = "<group>";
		};
		ADAB0478294128D700226159 /* Products */ = {
			isa = PBXGroup;
			children = (
				ADAB0477294128D700226159 /* Weather.app */,
			);
			name = Products;
			sourceTree = "<group>";
		};
		ADAB0479294128D700226159 /* Weather */ = {
			isa = PBXGroup;
			children = (
				ADAB04972941407600226159 /* Cells */,
				ADAB0492294132E100226159 /* Storyboards */,
				ADAB0491294132D600226159 /* ViewControllers */,
				AD97FE8C296C51E5004C22E6 /* NavigationControllers */,
				ADAB04A5294155D500226159 /* Managers */,
				AD97FE81296881C0004C22E6 /* Helpers */,
				AD97FE9B296C8D53004C22E6 /* Models */,
				ADAB047A294128D700226159 /* AppDelegate.swift */,
				ADAB047C294128D800226159 /* SceneDelegate.swift */,
				ADAB0486294128D900226159 /* Assets.xcassets */,
				ADAB048B294128D900226159 /* Info.plist */,
				ADAB0483294128D800226159 /* Weather.xcdatamodeld */,
				ADAB04A22941546B00226159 /* AccessKey.swift */,
			);
			path = Weather;
			sourceTree = "<group>";
		};
		ADAB0491294132D600226159 /* ViewControllers */ = {
			isa = PBXGroup;
			children = (
				ADAB049529413D2000226159 /* MainViewController.swift */,
				AD97FE8A296C5044004C22E6 /* MenuViewController.swift */,
				AD584C8D297026CC00935095 /* PreviewViewController.swift */,
			);
			path = ViewControllers;
			sourceTree = "<group>";
		};
		ADAB0492294132E100226159 /* Storyboards */ = {
			isa = PBXGroup;
			children = (
				ADAB049329413D0B00226159 /* Main.storyboard */,
				AD97FE84296C4E3D004C22E6 /* Menu.storyboard */,
				AD97FE86296C4E48004C22E6 /* Search.storyboard */,
				ADAB0488294128D900226159 /* LaunchScreen.storyboard */,
				AD584C8F2970293600935095 /* Preview.storyboard */,
			);
			path = Storyboards;
			sourceTree = "<group>";
		};
		ADAB04972941407600226159 /* Cells */ = {
			isa = PBXGroup;
			children = (
				ADAB04992941408800226159 /* CollectionViewCells */,
				ADAB04982941407F00226159 /* TableViewCells */,
			);
			path = Cells;
			sourceTree = "<group>";
		};
		ADAB04982941407F00226159 /* TableViewCells */ = {
			isa = PBXGroup;
			children = (
				AD97FECD296D8539004C22E6 /* MenuCell */,
				AD584C82296F1FD900935095 /* SearchCell */,
				ADCA75D0295B7E52002CF5AC /* WeatherTableView */,
			);
			path = TableViewCells;
			sourceTree = "<group>";
		};
		ADAB04992941408800226159 /* CollectionViewCells */ = {
			isa = PBXGroup;
			children = (
				AD3F90A02964860A0029E7FF /* Main */,
				AD3F90A1296486140029E7FF /* Hour */,
				AD3F90AA2964865C0029E7FF /* Day */,
				ADCCDB3F296486D800C3132A /* About */,
			);
			path = CollectionViewCells;
			sourceTree = "<group>";
		};
		ADAB04A5294155D500226159 /* Managers */ = {
			isa = PBXGroup;
			children = (
				ADAB04A6294155F500226159 /* NetworkManager.swift */,
				ADF81227294C9971005A7C57 /* CoreDataManager.swift */,
			);
			path = Managers;
			sourceTree = "<group>";
		};
		ADCA75D0295B7E52002CF5AC /* WeatherTableView */ = {
			isa = PBXGroup;
			children = (
				ADAB049A294140B700226159 /* WeatherTableViewCell.swift */,
				ADAB049B294140B700226159 /* WeatherTableViewCell.xib */,
			);
			path = WeatherTableView;
			sourceTree = "<group>";
		};
		ADCCDB3F296486D800C3132A /* About */ = {
			isa = PBXGroup;
			children = (
				AD3F90A6296486500029E7FF /* AboutWeatherCollectionViewCell.swift */,
				AD3F90A7296486500029E7FF /* AboutWeatherCollectionViewCell.xib */,
			);
			path = About;
			sourceTree = "<group>";
		};
		E624DF79BFB31B7E78BEA991 /* Frameworks */ = {
			isa = PBXGroup;
			children = (
				8A783A6E1179A3A1598142E3 /* Pods_Weather.framework */,
			);
			name = Frameworks;
			sourceTree = "<group>";
		};
/* End PBXGroup section */

/* Begin PBXNativeTarget section */
		ADAB0476294128D700226159 /* Weather */ = {
			isa = PBXNativeTarget;
			buildConfigurationList = ADAB048E294128D900226159 /* Build configuration list for PBXNativeTarget "Weather" */;
			buildPhases = (
				347C11A02C685252B9B12FBF /* [CP] Check Pods Manifest.lock */,
				ADAB0473294128D700226159 /* Sources */,
				ADAB0474294128D700226159 /* Frameworks */,
				ADAB0475294128D700226159 /* Resources */,
				235CC36B9E3B668D124B9598 /* [CP] Embed Pods Frameworks */,
			);
			buildRules = (
			);
			dependencies = (
			);
			name = Weather;
			productName = Weather;
			productReference = ADAB0477294128D700226159 /* Weather.app */;
			productType = "com.apple.product-type.application";
		};
/* End PBXNativeTarget section */

/* Begin PBXProject section */
		ADAB046F294128D700226159 /* Project object */ = {
			isa = PBXProject;
			attributes = {
				BuildIndependentTargetsInParallel = 1;
				LastSwiftUpdateCheck = 1400;
				LastUpgradeCheck = 1400;
				ORGANIZATIONNAME = "Nikita Moshyn";
				TargetAttributes = {
					ADAB0476294128D700226159 = {
						CreatedOnToolsVersion = 14.0.1;
					};
				};
			};
			buildConfigurationList = ADAB0472294128D700226159 /* Build configuration list for PBXProject "Weather" */;
			compatibilityVersion = "Xcode 14.0";
			developmentRegion = en;
			hasScannedForEncodings = 0;
			knownRegions = (
				en,
				Base,
			);
			mainGroup = ADAB046E294128D700226159;
			productRefGroup = ADAB0478294128D700226159 /* Products */;
			projectDirPath = "";
			projectRoot = "";
			targets = (
				ADAB0476294128D700226159 /* Weather */,
			);
		};
/* End PBXProject section */

/* Begin PBXResourcesBuildPhase section */
		ADAB0475294128D700226159 /* Resources */ = {
			isa = PBXResourcesBuildPhase;
			buildActionMask = 2147483647;
			files = (
				ADAB049D294140B700226159 /* WeatherTableViewCell.xib in Resources */,
				AD584C86296F1FF600935095 /* SearchTableViewCell.xib in Resources */,
				AD97FED1296D855B004C22E6 /* TableViewCell.xib in Resources */,
				AD584C902970293600935095 /* Preview.storyboard in Resources */,
				AD3F90A9296486500029E7FF /* AboutWeatherCollectionViewCell.xib in Resources */,
				ADCA75CF295B7E3D002CF5AC /* CollectionViewCell.xib in Resources */,
				AD97FE85296C4E3D004C22E6 /* Menu.storyboard in Resources */,
				AD97FE87296C4E48004C22E6 /* Search.storyboard in Resources */,
				ADAB049429413D0B00226159 /* Main.storyboard in Resources */,
				ADAB048A294128D900226159 /* LaunchScreen.storyboard in Resources */,
				AD3F909F296485FA0029E7FF /* HourCollectionViewCell.xib in Resources */,
				ADAB0487294128D900226159 /* Assets.xcassets in Resources */,
				ADCCDB3E296486CF00C3132A /* DayCollectionViewCell.xib in Resources */,
			);
			runOnlyForDeploymentPostprocessing = 0;
		};
/* End PBXResourcesBuildPhase section */

/* Begin PBXShellScriptBuildPhase section */
		235CC36B9E3B668D124B9598 /* [CP] Embed Pods Frameworks */ = {
			isa = PBXShellScriptBuildPhase;
			buildActionMask = 2147483647;
			files = (
			);
			inputFileListPaths = (
				"${PODS_ROOT}/Target Support Files/Pods-Weather/Pods-Weather-frameworks-${CONFIGURATION}-input-files.xcfilelist",
			);
			name = "[CP] Embed Pods Frameworks";
			outputFileListPaths = (
				"${PODS_ROOT}/Target Support Files/Pods-Weather/Pods-Weather-frameworks-${CONFIGURATION}-output-files.xcfilelist",
			);
			runOnlyForDeploymentPostprocessing = 0;
			shellPath = /bin/sh;
			shellScript = "\"${PODS_ROOT}/Target Support Files/Pods-Weather/Pods-Weather-frameworks.sh\"\n";
			showEnvVarsInLog = 0;
		};
		347C11A02C685252B9B12FBF /* [CP] Check Pods Manifest.lock */ = {
			isa = PBXShellScriptBuildPhase;
			buildActionMask = 2147483647;
			files = (
			);
			inputFileListPaths = (
			);
			inputPaths = (
				"${PODS_PODFILE_DIR_PATH}/Podfile.lock",
				"${PODS_ROOT}/Manifest.lock",
			);
			name = "[CP] Check Pods Manifest.lock";
			outputFileListPaths = (
			);
			outputPaths = (
				"$(DERIVED_FILE_DIR)/Pods-Weather-checkManifestLockResult.txt",
			);
			runOnlyForDeploymentPostprocessing = 0;
			shellPath = /bin/sh;
			shellScript = "diff \"${PODS_PODFILE_DIR_PATH}/Podfile.lock\" \"${PODS_ROOT}/Manifest.lock\" > /dev/null\nif [ $? != 0 ] ; then\n    # print error to STDERR\n    echo \"error: The sandbox is not in sync with the Podfile.lock. Run 'pod install' or update your CocoaPods installation.\" >&2\n    exit 1\nfi\n# This output is used by Xcode 'outputs' to avoid re-running this script phase.\necho \"SUCCESS\" > \"${SCRIPT_OUTPUT_FILE_0}\"\n";
			showEnvVarsInLog = 0;
		};
/* End PBXShellScriptBuildPhase section */

/* Begin PBXSourcesBuildPhase section */
		ADAB0473294128D700226159 /* Sources */ = {
			isa = PBXSourcesBuildPhase;
			buildActionMask = 2147483647;
			files = (
				AD584C8A296FEA2500935095 /* Search.swift in Sources */,
				ADF81228294C9971005A7C57 /* CoreDataManager.swift in Sources */,
				AD97FEC0296C8DBA004C22E6 /* DayForecast.swift in Sources */,
				AD3F909E296485FA0029E7FF /* HourCollectionViewCell.swift in Sources */,
				AD97FECC296C8E9A004C22E6 /* LocationCoreData+CoreDataProperties.swift in Sources */,
				AD97FEBD296C8DBA004C22E6 /* CellBackgroundViews.swift in Sources */,
				ADAB049C294140B700226159 /* WeatherTableViewCell.swift in Sources */,
				ADAB04A32941546B00226159 /* AccessKey.swift in Sources */,
				AD97FEC2296C8DBA004C22E6 /* CurrentWeather.swift in Sources */,
				AD97FEC3296C8DBA004C22E6 /* Forecast.swift in Sources */,
				AD97FEBE296C8DBA004C22E6 /* HourForecast.swift in Sources */,
				AD97FEBF296C8DBA004C22E6 /* Condition.swift in Sources */,
				AD97FEC6296C8DBA004C22E6 /* Location.swift in Sources */,
				AD97FEC1296C8DBA004C22E6 /* DayForecastGroup.swift in Sources */,
				ADAB0485294128D800226159 /* Weather.xcdatamodeld in Sources */,
				AD3F90A8296486500029E7FF /* AboutWeatherCollectionViewCell.swift in Sources */,
				ADAB047B294128D700226159 /* AppDelegate.swift in Sources */,
				AD584C85296F1FF600935095 /* SearchTableViewCell.swift in Sources */,
				AD97FECB296C8E9A004C22E6 /* LocationCoreData+CoreDataClass.swift in Sources */,
				AD3F90A42964862A0029E7FF /* DayCollectionViewCell.swift in Sources */,
				AD97FE8E296C5238004C22E6 /* MainNavigationController.swift in Sources */,
				ADAB04A7294155F500226159 /* NetworkManager.swift in Sources */,
				AD97FEC5296C8DBA004C22E6 /* Weather.swift in Sources */,
				AD97FED0296D855B004C22E6 /* TableViewCell.swift in Sources */,
				AD97FEC4296C8DBA004C22E6 /* Time.swift in Sources */,
				AD584C8E297026CC00935095 /* PreviewViewController.swift in Sources */,
				ADCA75CE295B7E3D002CF5AC /* CollectionViewCell.swift in Sources */,
				AD97FEC7296C8DBA004C22E6 /* AstroForecast.swift in Sources */,
				ADAB047D294128D800226159 /* SceneDelegate.swift in Sources */,
				AD97FE8B296C5044004C22E6 /* MenuViewController.swift in Sources */,
				AD97FE80296881BB004C22E6 /* Enums.swift in Sources */,
				ADAB049629413D2000226159 /* MainViewController.swift in Sources */,
			);
			runOnlyForDeploymentPostprocessing = 0;
		};
/* End PBXSourcesBuildPhase section */

/* Begin PBXVariantGroup section */
		ADAB0488294128D900226159 /* LaunchScreen.storyboard */ = {
			isa = PBXVariantGroup;
			children = (
				ADAB0489294128D900226159 /* Base */,
			);
			name = LaunchScreen.storyboard;
			sourceTree = "<group>";
		};
/* End PBXVariantGroup section */

/* Begin XCBuildConfiguration section */
		ADAB048C294128D900226159 /* Debug */ = {
			isa = XCBuildConfiguration;
			buildSettings = {
				ALWAYS_SEARCH_USER_PATHS = NO;
				CLANG_ANALYZER_NONNULL = YES;
				CLANG_ANALYZER_NUMBER_OBJECT_CONVERSION = YES_AGGRESSIVE;
				CLANG_CXX_LANGUAGE_STANDARD = "gnu++20";
				CLANG_ENABLE_MODULES = YES;
				CLANG_ENABLE_OBJC_ARC = YES;
				CLANG_ENABLE_OBJC_WEAK = YES;
				CLANG_WARN_BLOCK_CAPTURE_AUTORELEASING = YES;
				CLANG_WARN_BOOL_CONVERSION = YES;
				CLANG_WARN_COMMA = YES;
				CLANG_WARN_CONSTANT_CONVERSION = YES;
				CLANG_WARN_DEPRECATED_OBJC_IMPLEMENTATIONS = YES;
				CLANG_WARN_DIRECT_OBJC_ISA_USAGE = YES_ERROR;
				CLANG_WARN_DOCUMENTATION_COMMENTS = YES;
				CLANG_WARN_EMPTY_BODY = YES;
				CLANG_WARN_ENUM_CONVERSION = YES;
				CLANG_WARN_INFINITE_RECURSION = YES;
				CLANG_WARN_INT_CONVERSION = YES;
				CLANG_WARN_NON_LITERAL_NULL_CONVERSION = YES;
				CLANG_WARN_OBJC_IMPLICIT_RETAIN_SELF = YES;
				CLANG_WARN_OBJC_LITERAL_CONVERSION = YES;
				CLANG_WARN_OBJC_ROOT_CLASS = YES_ERROR;
				CLANG_WARN_QUOTED_INCLUDE_IN_FRAMEWORK_HEADER = YES;
				CLANG_WARN_RANGE_LOOP_ANALYSIS = YES;
				CLANG_WARN_STRICT_PROTOTYPES = YES;
				CLANG_WARN_SUSPICIOUS_MOVE = YES;
				CLANG_WARN_UNGUARDED_AVAILABILITY = YES_AGGRESSIVE;
				CLANG_WARN_UNREACHABLE_CODE = YES;
				CLANG_WARN__DUPLICATE_METHOD_MATCH = YES;
				COPY_PHASE_STRIP = NO;
				DEBUG_INFORMATION_FORMAT = dwarf;
				ENABLE_STRICT_OBJC_MSGSEND = YES;
				ENABLE_TESTABILITY = YES;
				GCC_C_LANGUAGE_STANDARD = gnu11;
				GCC_DYNAMIC_NO_PIC = NO;
				GCC_NO_COMMON_BLOCKS = YES;
				GCC_OPTIMIZATION_LEVEL = 0;
				GCC_PREPROCESSOR_DEFINITIONS = (
					"DEBUG=1",
					"$(inherited)",
				);
				GCC_WARN_64_TO_32_BIT_CONVERSION = YES;
				GCC_WARN_ABOUT_RETURN_TYPE = YES_ERROR;
				GCC_WARN_UNDECLARED_SELECTOR = YES;
				GCC_WARN_UNINITIALIZED_AUTOS = YES_AGGRESSIVE;
				GCC_WARN_UNUSED_FUNCTION = YES;
				GCC_WARN_UNUSED_VARIABLE = YES;
				IPHONEOS_DEPLOYMENT_TARGET = 16.0;
				MTL_ENABLE_DEBUG_INFO = INCLUDE_SOURCE;
				MTL_FAST_MATH = YES;
				ONLY_ACTIVE_ARCH = YES;
				SDKROOT = iphoneos;
				SWIFT_ACTIVE_COMPILATION_CONDITIONS = DEBUG;
				SWIFT_OPTIMIZATION_LEVEL = "-Onone";
			};
			name = Debug;
		};
		ADAB048D294128D900226159 /* Release */ = {
			isa = XCBuildConfiguration;
			buildSettings = {
				ALWAYS_SEARCH_USER_PATHS = NO;
				CLANG_ANALYZER_NONNULL = YES;
				CLANG_ANALYZER_NUMBER_OBJECT_CONVERSION = YES_AGGRESSIVE;
				CLANG_CXX_LANGUAGE_STANDARD = "gnu++20";
				CLANG_ENABLE_MODULES = YES;
				CLANG_ENABLE_OBJC_ARC = YES;
				CLANG_ENABLE_OBJC_WEAK = YES;
				CLANG_WARN_BLOCK_CAPTURE_AUTORELEASING = YES;
				CLANG_WARN_BOOL_CONVERSION = YES;
				CLANG_WARN_COMMA = YES;
				CLANG_WARN_CONSTANT_CONVERSION = YES;
				CLANG_WARN_DEPRECATED_OBJC_IMPLEMENTATIONS = YES;
				CLANG_WARN_DIRECT_OBJC_ISA_USAGE = YES_ERROR;
				CLANG_WARN_DOCUMENTATION_COMMENTS = YES;
				CLANG_WARN_EMPTY_BODY = YES;
				CLANG_WARN_ENUM_CONVERSION = YES;
				CLANG_WARN_INFINITE_RECURSION = YES;
				CLANG_WARN_INT_CONVERSION = YES;
				CLANG_WARN_NON_LITERAL_NULL_CONVERSION = YES;
				CLANG_WARN_OBJC_IMPLICIT_RETAIN_SELF = YES;
				CLANG_WARN_OBJC_LITERAL_CONVERSION = YES;
				CLANG_WARN_OBJC_ROOT_CLASS = YES_ERROR;
				CLANG_WARN_QUOTED_INCLUDE_IN_FRAMEWORK_HEADER = YES;
				CLANG_WARN_RANGE_LOOP_ANALYSIS = YES;
				CLANG_WARN_STRICT_PROTOTYPES = YES;
				CLANG_WARN_SUSPICIOUS_MOVE = YES;
				CLANG_WARN_UNGUARDED_AVAILABILITY = YES_AGGRESSIVE;
				CLANG_WARN_UNREACHABLE_CODE = YES;
				CLANG_WARN__DUPLICATE_METHOD_MATCH = YES;
				COPY_PHASE_STRIP = NO;
				DEBUG_INFORMATION_FORMAT = "dwarf-with-dsym";
				ENABLE_NS_ASSERTIONS = NO;
				ENABLE_STRICT_OBJC_MSGSEND = YES;
				GCC_C_LANGUAGE_STANDARD = gnu11;
				GCC_NO_COMMON_BLOCKS = YES;
				GCC_WARN_64_TO_32_BIT_CONVERSION = YES;
				GCC_WARN_ABOUT_RETURN_TYPE = YES_ERROR;
				GCC_WARN_UNDECLARED_SELECTOR = YES;
				GCC_WARN_UNINITIALIZED_AUTOS = YES_AGGRESSIVE;
				GCC_WARN_UNUSED_FUNCTION = YES;
				GCC_WARN_UNUSED_VARIABLE = YES;
				IPHONEOS_DEPLOYMENT_TARGET = 16.0;
				MTL_ENABLE_DEBUG_INFO = NO;
				MTL_FAST_MATH = YES;
				SDKROOT = iphoneos;
				SWIFT_COMPILATION_MODE = wholemodule;
				SWIFT_OPTIMIZATION_LEVEL = "-O";
				VALIDATE_PRODUCT = YES;
			};
			name = Release;
		};
		ADAB048F294128D900226159 /* Debug */ = {
			isa = XCBuildConfiguration;
			baseConfigurationReference = 40E3DD5EBE5BC449F17ECDCF /* Pods-Weather.debug.xcconfig */;
			buildSettings = {
				ASSETCATALOG_COMPILER_APPICON_NAME = AppIcon;
				ASSETCATALOG_COMPILER_GLOBAL_ACCENT_COLOR_NAME = AccentColor;
				CODE_SIGN_STYLE = Automatic;
				CURRENT_PROJECT_VERSION = 1;
				DEVELOPMENT_TEAM = 3H8Z3J9U5A;
				GENERATE_INFOPLIST_FILE = YES;
				INFOPLIST_FILE = Weather/Info.plist;
				INFOPLIST_KEY_LSApplicationCategoryType = "public.app-category.weather";
				INFOPLIST_KEY_NSLocationWhenInUseUsageDescription = "Location is used to automatically determine your location";
				INFOPLIST_KEY_UIApplicationSupportsIndirectInputEvents = YES;
				INFOPLIST_KEY_UILaunchStoryboardName = LaunchScreen;
				INFOPLIST_KEY_UISupportedInterfaceOrientations_iPad = "UIInterfaceOrientationPortrait UIInterfaceOrientationPortraitUpsideDown UIInterfaceOrientationLandscapeLeft UIInterfaceOrientationLandscapeRight";
				INFOPLIST_KEY_UISupportedInterfaceOrientations_iPhone = "UIInterfaceOrientationPortrait UIInterfaceOrientationLandscapeLeft UIInterfaceOrientationLandscapeRight";
				LD_RUNPATH_SEARCH_PATHS = (
					"$(inherited)",
					"@executable_path/Frameworks",
				);
				MARKETING_VERSION = 1.0;
				PRODUCT_BUNDLE_IDENTIFIER = MN.Weather;
				PRODUCT_NAME = "$(TARGET_NAME)";
				SWIFT_EMIT_LOC_STRINGS = YES;
				SWIFT_VERSION = 5.0;
				TARGETED_DEVICE_FAMILY = "1,2";
			};
			name = Debug;
		};
		ADAB0490294128D900226159 /* Release */ = {
			isa = XCBuildConfiguration;
			baseConfigurationReference = 4E610CD9666852DACDAAC9E2 /* Pods-Weather.release.xcconfig */;
			buildSettings = {
				ASSETCATALOG_COMPILER_APPICON_NAME = AppIcon;
				ASSETCATALOG_COMPILER_GLOBAL_ACCENT_COLOR_NAME = AccentColor;
				CODE_SIGN_STYLE = Automatic;
				CURRENT_PROJECT_VERSION = 1;
				DEVELOPMENT_TEAM = 3H8Z3J9U5A;
				GENERATE_INFOPLIST_FILE = YES;
				INFOPLIST_FILE = Weather/Info.plist;
				INFOPLIST_KEY_LSApplicationCategoryType = "public.app-category.weather";
				INFOPLIST_KEY_NSLocationWhenInUseUsageDescription = "Location is used to automatically determine your location";
				INFOPLIST_KEY_UIApplicationSupportsIndirectInputEvents = YES;
				INFOPLIST_KEY_UILaunchStoryboardName = LaunchScreen;
				INFOPLIST_KEY_UISupportedInterfaceOrientations_iPad = "UIInterfaceOrientationPortrait UIInterfaceOrientationPortraitUpsideDown UIInterfaceOrientationLandscapeLeft UIInterfaceOrientationLandscapeRight";
				INFOPLIST_KEY_UISupportedInterfaceOrientations_iPhone = "UIInterfaceOrientationPortrait UIInterfaceOrientationLandscapeLeft UIInterfaceOrientationLandscapeRight";
				LD_RUNPATH_SEARCH_PATHS = (
					"$(inherited)",
					"@executable_path/Frameworks",
				);
				MARKETING_VERSION = 1.0;
				PRODUCT_BUNDLE_IDENTIFIER = MN.Weather;
				PRODUCT_NAME = "$(TARGET_NAME)";
				SWIFT_EMIT_LOC_STRINGS = YES;
				SWIFT_VERSION = 5.0;
				TARGETED_DEVICE_FAMILY = "1,2";
			};
			name = Release;
		};
/* End XCBuildConfiguration section */

/* Begin XCConfigurationList section */
		ADAB0472294128D700226159 /* Build configuration list for PBXProject "Weather" */ = {
			isa = XCConfigurationList;
			buildConfigurations = (
				ADAB048C294128D900226159 /* Debug */,
				ADAB048D294128D900226159 /* Release */,
			);
			defaultConfigurationIsVisible = 0;
			defaultConfigurationName = Release;
		};
		ADAB048E294128D900226159 /* Build configuration list for PBXNativeTarget "Weather" */ = {
			isa = XCConfigurationList;
			buildConfigurations = (
				ADAB048F294128D900226159 /* Debug */,
				ADAB0490294128D900226159 /* Release */,
			);
			defaultConfigurationIsVisible = 0;
			defaultConfigurationName = Release;
		};
/* End XCConfigurationList section */

/* Begin XCVersionGroup section */
		ADAB0483294128D800226159 /* Weather.xcdatamodeld */ = {
			isa = XCVersionGroup;
			children = (
				ADAB0484294128D800226159 /* Weather.xcdatamodel */,
			);
			currentVersion = ADAB0484294128D800226159 /* Weather.xcdatamodel */;
			path = Weather.xcdatamodeld;
			sourceTree = "<group>";
			versionGroupType = wrapper.xcdatamodel;
		};
/* End XCVersionGroup section */
	};
	rootObject = ADAB046F294128D700226159 /* Project object */;
}
